
Microsoft Visual Studio Solution File, Format Version 12.00
# Visual Studio 15
VisualStudioVersion = 15.0.28307.1259
MinimumVisualStudioVersion = 10.0.40219.1
Project("{FAE04EC0-301F-11D3-BF4B-00C04F79EFBC}") = "17 Muistipeli", "17 Muistipeli\17 Muistipeli.csproj", "{A586BB8B-EEBF-4148-9D45-64F85DC1F13D}"
EndProject
Global
	GlobalSection(SolutionConfigurationPlatforms) = preSolution
		Debug|Any CPU = Debug|Any CPU
		Release|Any CPU = Release|Any CPU
	EndGlobalSection
	GlobalSection(ProjectConfigurationPlatforms) = postSolution
		{A586BB8B-EEBF-4148-9D45-64F85DC1F13D}.Debug|Any CPU.ActiveCfg = Debug|Any CPU
		{A586BB8B-EEBF-4148-9D45-64F85DC1F13D}.Debug|Any CPU.Build.0 = Debug|Any CPU
		{A586BB8B-EEBF-4148-9D45-64F85DC1F13D}.Release|Any CPU.ActiveCfg = Release|Any CPU
		{A586BB8B-EEBF-4148-9D45-64F85DC1F13D}.Release|Any CPU.Build.0 = Release|Any CPU
	EndGlobalSection
	GlobalSection(SolutionProperties) = preSolution
		HideSolutionNode = FALSE
	EndGlobalSection
	GlobalSection(ExtensibilityGlobals) = postSolution
		SolutionGuid = {62A06F0D-4F24-4EC3-9667-8F88813B7033}
	EndGlobalSection
EndGlobal
